
Microsoft Visual Studio Solution File, Format Version 12.00
# Visual Studio Version 17
VisualStudioVersion = 17.2.32630.192
MinimumVisualStudioVersion = 10.0.40219.1
Project("{FAE04EC0-301F-11D3-BF4B-00C04F79EFBC}") = "DropStack", "DropStack\DropStack.csproj", "{FDE858B0-CEBB-483B-9818-73053D399083}"
EndProject
Project("{FAE04EC0-301F-11D3-BF4B-00C04F79EFBC}") = "DropStackWinUI", "DropStackWinUI\DropStackWinUI.csproj", "{29A0567A-C536-4B0B-8D2C-D37967A8270B}"
EndProject
Global
	GlobalSection(SolutionConfigurationPlatforms) = preSolution
		Debug|Any CPU = Debug|Any CPU
		Debug|ARM = Debug|ARM
		Debug|ARM64 = Debug|ARM64
		Debug|x64 = Debug|x64
		Debug|x86 = Debug|x86
		Release|Any CPU = Release|Any CPU
		Release|ARM = Release|ARM
		Release|ARM64 = Release|ARM64
		Release|x64 = Release|x64
		Release|x86 = Release|x86
	EndGlobalSection
	GlobalSection(ProjectConfigurationPlatforms) = postSolution
		{FDE858B0-CEBB-483B-9818-73053D399083}.Debug|Any CPU.ActiveCfg = Debug|Any CPU
		{FDE858B0-CEBB-483B-9818-73053D399083}.Debug|Any CPU.Build.0 = Debug|Any CPU
		{FDE858B0-CEBB-483B-9818-73053D399083}.Debug|Any CPU.Deploy.0 = Debug|Any CPU
		{FDE858B0-CEBB-483B-9818-73053D399083}.Debug|ARM.ActiveCfg = Debug|ARM
		{FDE858B0-CEBB-483B-9818-73053D399083}.Debug|ARM.Build.0 = Debug|ARM
		{FDE858B0-CEBB-483B-9818-73053D399083}.Debug|ARM.Deploy.0 = Debug|ARM
		{FDE858B0-CEBB-483B-9818-73053D399083}.Debug|ARM64.ActiveCfg = Debug|ARM64
		{FDE858B0-CEBB-483B-9818-73053D399083}.Debug|ARM64.Build.0 = Debug|ARM64
		{FDE858B0-CEBB-483B-9818-73053D399083}.Debug|ARM64.Deploy.0 = Debug|ARM64
		{FDE858B0-CEBB-483B-9818-73053D399083}.Debug|x64.ActiveCfg = Debug|x64
		{FDE858B0-CEBB-483B-9818-73053D399083}.Debug|x64.Build.0 = Debug|x64
		{FDE858B0-CEBB-483B-9818-73053D399083}.Debug|x64.Deploy.0 = Debug|x64
		{FDE858B0-CEBB-483B-9818-73053D399083}.Debug|x86.ActiveCfg = Debug|x86
		{FDE858B0-CEBB-483B-9818-73053D399083}.Debug|x86.Build.0 = Debug|x86
		{FDE858B0-CEBB-483B-9818-73053D399083}.Debug|x86.Deploy.0 = Debug|x86
		{FDE858B0-CEBB-483B-9818-73053D399083}.Release|Any CPU.ActiveCfg = Release|Any CPU
		{FDE858B0-CEBB-483B-9818-73053D399083}.Release|Any CPU.Build.0 = Release|Any CPU
		{FDE858B0-CEBB-483B-9818-73053D399083}.Release|Any CPU.Deploy.0 = Release|Any CPU
		{FDE858B0-CEBB-483B-9818-73053D399083}.Release|ARM.ActiveCfg = Release|ARM
		{FDE858B0-CEBB-483B-9818-73053D399083}.Release|ARM.Build.0 = Release|ARM
		{FDE858B0-CEBB-483B-9818-73053D399083}.Release|ARM.Deploy.0 = Release|ARM
		{FDE858B0-CEBB-483B-9818-73053D399083}.Release|ARM64.ActiveCfg = Release|ARM64
		{FDE858B0-CEBB-483B-9818-73053D399083}.Release|ARM64.Build.0 = Release|ARM64
		{FDE858B0-CEBB-483B-9818-73053D399083}.Release|ARM64.Deploy.0 = Release|ARM64
		{FDE858B0-CEBB-483B-9818-73053D399083}.Release|x64.ActiveCfg = Release|x64
		{FDE858B0-CEBB-483B-9818-73053D399083}.Release|x64.Build.0 = Release|x64
		{FDE858B0-CEBB-483B-9818-73053D399083}.Release|x64.Deploy.0 = Release|x64
		{FDE858B0-CEBB-483B-9818-73053D399083}.Release|x86.ActiveCfg = Release|x86
		{FDE858B0-CEBB-483B-9818-73053D399083}.Release|x86.Build.0 = Release|x86
		{FDE858B0-CEBB-483B-9818-73053D399083}.Release|x86.Deploy.0 = Release|x86
		{29A0567A-C536-4B0B-8D2C-D37967A8270B}.Debug|Any CPU.ActiveCfg = Debug|x64
		{29A0567A-C536-4B0B-8D2C-D37967A8270B}.Debug|Any CPU.Build.0 = Debug|x64
		{29A0567A-C536-4B0B-8D2C-D37967A8270B}.Debug|Any CPU.Deploy.0 = Debug|x64
		{29A0567A-C536-4B0B-8D2C-D37967A8270B}.Debug|ARM.ActiveCfg = Debug|x64
		{29A0567A-C536-4B0B-8D2C-D37967A8270B}.Debug|ARM.Build.0 = Debug|x64
		{29A0567A-C536-4B0B-8D2C-D37967A8270B}.Debug|ARM.Deploy.0 = Debug|x64
		{29A0567A-C536-4B0B-8D2C-D37967A8270B}.Debug|ARM64.ActiveCfg = Debug|ARM64
		{29A0567A-C536-4B0B-8D2C-D37967A8270B}.Debug|ARM64.Build.0 = Debug|ARM64
		{29A0567A-C536-4B0B-8D2C-D37967A8270B}.Debug|ARM64.Deploy.0 = Debug|ARM64
		{29A0567A-C536-4B0B-8D2C-D37967A8270B}.Debug|x64.ActiveCfg = Debug|x64
		{29A0567A-C536-4B0B-8D2C-D37967A8270B}.Debug|x64.Build.0 = Debug|x64
		{29A0567A-C536-4B0B-8D2C-D37967A8270B}.Debug|x64.Deploy.0 = Debug|x64
		{29A0567A-C536-4B0B-8D2C-D37967A8270B}.Debug|x86.ActiveCfg = Debug|x86
		{29A0567A-C536-4B0B-8D2C-D37967A8270B}.Debug|x86.Build.0 = Debug|x86
		{29A0567A-C536-4B0B-8D2C-D37967A8270B}.Debug|x86.Deploy.0 = Debug|x86
		{29A0567A-C536-4B0B-8D2C-D37967A8270B}.Release|Any CPU.ActiveCfg = Release|x64
		{29A0567A-C536-4B0B-8D2C-D37967A8270B}.Release|Any CPU.Build.0 = Release|x64
		{29A0567A-C536-4B0B-8D2C-D37967A8270B}.Release|Any CPU.Deploy.0 = Release|x64
		{29A0567A-C536-4B0B-8D2C-D37967A8270B}.Release|ARM.ActiveCfg = Release|x64
		{29A0567A-C536-4B0B-8D2C-D37967A8270B}.Release|ARM.Build.0 = Release|x64
		{29A0567A-C536-4B0B-8D2C-D37967A8270B}.Release|ARM.Deploy.0 = Release|x64
		{29A0567A-C536-4B0B-8D2C-D37967A8270B}.Release|ARM64.ActiveCfg = Release|ARM64
		{29A0567A-C536-4B0B-8D2C-D37967A8270B}.Release|ARM64.Build.0 = Release|ARM64
		{29A0567A-C536-4B0B-8D2C-D37967A8270B}.Release|ARM64.Deploy.0 = Release|ARM64
		{29A0567A-C536-4B0B-8D2C-D37967A8270B}.Release|x64.ActiveCfg = Release|x64
		{29A0567A-C536-4B0B-8D2C-D37967A8270B}.Release|x64.Build.0 = Release|x64
		{29A0567A-C536-4B0B-8D2C-D37967A8270B}.Release|x64.Deploy.0 = Release|x64
		{29A0567A-C536-4B0B-8D2C-D37967A8270B}.Release|x86.ActiveCfg = Release|x86
		{29A0567A-C536-4B0B-8D2C-D37967A8270B}.Release|x86.Build.0 = Release|x86
		{29A0567A-C536-4B0B-8D2C-D37967A8270B}.Release|x86.Deploy.0 = Release|x86
	EndGlobalSection
	GlobalSection(SolutionProperties) = preSolution
		HideSolutionNode = FALSE
	EndGlobalSection
	GlobalSection(ExtensibilityGlobals) = postSolution
		SolutionGuid = {BEC0E013-E6DC-493D-B06C-481E04F10F8E}
	EndGlobalSection
EndGlobal
